
Microsoft Visual Studio Solution File, Format Version 12.00
# Visual Studio Version 17
VisualStudioVersion = 17.8.34408.163
MinimumVisualStudioVersion = 17.0.31903.59
Project("{FAE04EC0-301F-11D3-BF4B-00C04F79EFBC}") = "TFSData", "TFSData\TFSData.csproj", "{B969B97B-08AD-410B-8020-86894A967F64}"
EndProject
Global
	GlobalSection(SolutionConfigurationPlatforms) = preSolution
		Debug|Any CPU = Debug|Any CPU
		Release|Any CPU = Release|Any CPU
	EndGlobalSection
	GlobalSection(ProjectConfigurationPlatforms) = postSolution
		{B969B97B-08AD-410B-8020-86894A967F64}.Debug|Any CPU.ActiveCfg = Debug|Any CPU
		{B969B97B-08AD-410B-8020-86894A967F64}.Debug|Any CPU.Build.0 = Debug|Any CPU
		{B969B97B-08AD-410B-8020-86894A967F64}.Release|Any CPU.ActiveCfg = Release|Any CPU
		{B969B97B-08AD-410B-8020-86894A967F64}.Release|Any CPU.Build.0 = Release|Any CPU
	EndGlobalSection
	GlobalSection(SolutionProperties) = preSolution
		HideSolutionNode = FALSE
	EndGlobalSection
	GlobalSection(ExtensibilityGlobals) = postSolution
		SolutionGuid = {54E3C549-2725-4946-9558-FBB54C9635A7}
	EndGlobalSection
EndGlobal
